// !$*UTF8*$!
{
	archiveVersion = 1;
	classes = {
	};
	objectVersion = 46;
	objects = {

/* Begin PBXBuildFile section */
		137A85F81DE1766400A53AAF /* AppDelegate.swift in Sources */ = {isa = PBXBuildFile; fileRef = 137A85F71DE1766400A53AAF /* AppDelegate.swift */; };
		137A85FA1DE1766400A53AAF /* ViewController.swift in Sources */ = {isa = PBXBuildFile; fileRef = 137A85F91DE1766400A53AAF /* ViewController.swift */; };
		137A85FD1DE1766400A53AAF /* Main.storyboard in Resources */ = {isa = PBXBuildFile; fileRef = 137A85FB1DE1766400A53AAF /* Main.storyboard */; };
		137A85FF1DE1766400A53AAF /* Assets.xcassets in Resources */ = {isa = PBXBuildFile; fileRef = 137A85FE1DE1766400A53AAF /* Assets.xcassets */; };
		137A86021DE1766400A53AAF /* LaunchScreen.storyboard in Resources */ = {isa = PBXBuildFile; fileRef = 137A86001DE1766400A53AAF /* LaunchScreen.storyboard */; };
		137A860A1DE2E13500A53AAF /* Minecraft.ttf in Resources */ = {isa = PBXBuildFile; fileRef = 137A86091DE2DF9C00A53AAF /* Minecraft.ttf */; };
		137A860C1DE2E17A00A53AAF /* btn.wav in Resources */ = {isa = PBXBuildFile; fileRef = 137A860B1DE2E17A00A53AAF /* btn.wav */; };
/* End PBXBuildFile section */

/* Begin PBXFileReference section */
		137A85F41DE1766400A53AAF /* RetroCalculator.app */ = {isa = PBXFileReference; explicitFileType = wrapper.application; includeInIndex = 0; path = RetroCalculator.app; sourceTree = BUILT_PRODUCTS_DIR; };
		137A85F71DE1766400A53AAF /* AppDelegate.swift */ = {isa = PBXFileReference; lastKnownFileType = sourcecode.swift; path = AppDelegate.swift; sourceTree = "<group>"; };
		137A85F91DE1766400A53AAF /* ViewController.swift */ = {isa = PBXFileReference; lastKnownFileType = sourcecode.swift; path = ViewController.swift; sourceTree = "<group>"; };
		137A85FC1DE1766400A53AAF /* Base */ = {isa = PBXFileReference; lastKnownFileType = file.storyboard; name = Base; path = Base.lproj/Main.storyboard; sourceTree = "<group>"; };
		137A85FE1DE1766400A53AAF /* Assets.xcassets */ = {isa = PBXFileReference; lastKnownFileType = folder.assetcatalog; path = Assets.xcassets; sourceTree = "<group>"; };
		137A86011DE1766400A53AAF /* Base */ = {isa = PBXFileReference; lastKnownFileType = file.storyboard; name = Base; path = Base.lproj/LaunchScreen.storyboard; sourceTree = "<group>"; };
		137A86031DE1766400A53AAF /* Info.plist */ = {isa = PBXFileReference; lastKnownFileType = text.plist.xml; path = Info.plist; sourceTree = "<group>"; };
		137A86091DE2DF9C00A53AAF /* Minecraft.ttf */ = {isa = PBXFileReference; lastKnownFileType = file; path = Minecraft.ttf; sourceTree = "<group>"; };
		137A860B1DE2E17A00A53AAF /* btn.wav */ = {isa = PBXFileReference; lastKnownFileType = audio.wav; path = btn.wav; sourceTree = "<group>"; };
/* End PBXFileReference section */

/* Begin PBXFrameworksBuildPhase section */
		137A85F11DE1766300A53AAF /* Frameworks */ = {
			isa = PBXFrameworksBuildPhase;
			buildActionMask = 2147483647;
			files = (
			);
			runOnlyForDeploymentPostprocessing = 0;
		};
/* End PBXFrameworksBuildPhase section */

/* Begin PBXGroup section */
		137A85EB1DE1766300A53AAF = {
			isa = PBXGroup;
			children = (
				137A860B1DE2E17A00A53AAF /* btn.wav */,
				137A86091DE2DF9C00A53AAF /* Minecraft.ttf */,
				137A85F61DE1766400A53AAF /* RetroCalculator */,
				137A85F51DE1766400A53AAF /* Products */,
			);
			sourceTree = "<group>";
		};
		137A85F51DE1766400A53AAF /* Products */ = {
			isa = PBXGroup;
			children = (
				137A85F41DE1766400A53AAF /* RetroCalculator.app */,
			);
			name = Products;
			sourceTree = "<group>";
		};
		137A85F61DE1766400A53AAF /* RetroCalculator */ = {
			isa = PBXGroup;
			children = (
				137A85F71DE1766400A53AAF /* AppDelegate.swift */,
				137A85F91DE1766400A53AAF /* ViewController.swift */,
				137A85FB1DE1766400A53AAF /* Main.storyboard */,
				137A85FE1DE1766400A53AAF /* Assets.xcassets */,
				137A86001DE1766400A53AAF /* LaunchScreen.storyboard */,
				137A86031DE1766400A53AAF /* Info.plist */,
			);
			path = RetroCalculator;
			sourceTree = "<group>";
		};
/* End PBXGroup section */

/* Begin PBXNativeTarget section */
		137A85F31DE1766300A53AAF /* RetroCalculator */ = {
			isa = PBXNativeTarget;
			buildConfigurationList = 137A86061DE1766400A53AAF /* Build configuration list for PBXNativeTarget "RetroCalculator" */;
			buildPhases = (
				137A85F01DE1766300A53AAF /* Sources */,
				137A85F11DE1766300A53AAF /* Frameworks */,
				137A85F21DE1766300A53AAF /* Resources */,
			);
			buildRules = (
			);
			dependencies = (
			);
			name = RetroCalculator;
			productName = RetroCalculator;
			productReference = 137A85F41DE1766400A53AAF /* RetroCalculator.app */;
			productType = "com.apple.product-type.application";
		};
/* End PBXNativeTarget section */

/* Begin PBXProject section */
		137A85EC1DE1766300A53AAF /* Project object */ = {
			isa = PBXProject;
			attributes = {
				LastSwiftUpdateCheck = 0810;
				LastUpgradeCheck = 0810;
				ORGANIZATIONNAME = self.edu;
				TargetAttributes = {
					137A85F31DE1766300A53AAF = {
						CreatedOnToolsVersion = 8.1;
						DevelopmentTeam = RY4LKVN272;
						ProvisioningStyle = Automatic;
					};
				};
			};
			buildConfigurationList = 137A85EF1DE1766300A53AAF /* Build configuration list for PBXProject "RetroCalculator" */;
			compatibilityVersion = "Xcode 3.2";
			developmentRegion = English;
			hasScannedForEncodings = 0;
			knownRegions = (
				en,
				Base,
			);
			mainGroup = 137A85EB1DE1766300A53AAF;
			productRefGroup = 137A85F51DE1766400A53AAF /* Products */;
			projectDirPath = "";
			projectRoot = "";
			targets = (
				137A85F31DE1766300A53AAF /* RetroCalculator */,
			);
		};
/* End PBXProject section */

/* Begin PBXResourcesBuildPhase section */
		137A85F21DE1766300A53AAF /* Resources */ = {
			isa = PBXResourcesBuildPhase;
			buildActionMask = 2147483647;
			files = (
				137A860C1DE2E17A00A53AAF /* btn.wav in Resources */,
				137A860A1DE2E13500A53AAF /* Minecraft.ttf in Resources */,
				137A86021DE1766400A53AAF /* LaunchScreen.storyboard in Resources */,
				137A85FF1DE1766400A53AAF /* Assets.xcassets in Resources */,
				137A85FD1DE1766400A53AAF /* Main.storyboard in Resources */,
			);
			runOnlyForDeploymentPostprocessing = 0;
		};
/* End PBXResourcesBuildPhase section */

/* Begin PBXSourcesBuildPhase section */
		137A85F01DE1766300A53AAF /* Sources */ = {
			isa = PBXSourcesBuildPhase;
			buildActionMask = 2147483647;
			files = (
				137A85FA1DE1766400A53AAF /* ViewController.swift in Sources */,
				137A85F81DE1766400A53AAF /* AppDelegate.swift in Sources */,
			);
			runOnlyForDeploymentPostprocessing = 0;
		};
/* End PBXSourcesBuildPhase section */

/* Begin PBXVariantGroup section */
		137A85FB1DE1766400A53AAF /* Main.storyboard */ = {
			isa = PBXVariantGroup;
			children = (
				137A85FC1DE1766400A53AAF /* Base */,
			);
			name = Main.storyboard;
			sourceTree = "<group>";
		};
		137A86001DE1766400A53AAF /* LaunchScreen.storyboard */ = {
			isa = PBXVariantGroup;
			children = (
				137A86011DE1766400A53AAF /* Base */,
			);
			name = LaunchScreen.storyboard;
			sourceTree = "<group>";
		};
/* End PBXVariantGroup section */

/* Begin XCBuildConfiguration section */
		137A86041DE1766400A53AAF /* Debug */ = {
			isa = XCBuildConfiguration;
			buildSettings = {
				ALWAYS_SEARCH_USER_PATHS = NO;
				CLANG_ANALYZER_NONNULL = YES;
				CLANG_CXX_LANGUAGE_STANDARD = "gnu++0x";
				CLANG_CXX_LIBRARY = "libc++";
				CLANG_ENABLE_MODULES = YES;
				CLANG_ENABLE_OBJC_ARC = YES;
				CLANG_WARN_BOOL_CONVERSION = YES;
				CLANG_WARN_CONSTANT_CONVERSION = YES;
				CLANG_WARN_DIRECT_OBJC_ISA_USAGE = YES_ERROR;
				CLANG_WARN_DOCUMENTATION_COMMENTS = YES;
				CLANG_WARN_EMPTY_BODY = YES;
				CLANG_WARN_ENUM_CONVERSION = YES;
				CLANG_WARN_INFINITE_RECURSION = YES;
				CLANG_WARN_INT_CONVERSION = YES;
				CLANG_WARN_OBJC_ROOT_CLASS = YES_ERROR;
				CLANG_WARN_SUSPICIOUS_MOVES = YES;
				CLANG_WARN_UNREACHABLE_CODE = YES;
				CLANG_WARN__DUPLICATE_METHOD_MATCH = YES;
				"CODE_SIGN_IDENTITY[sdk=iphoneos*]" = "iPhone Developer";
				COPY_PHASE_STRIP = NO;
				DEBUG_INFORMATION_FORMAT = dwarf;
				ENABLE_STRICT_OBJC_MSGSEND = YES;
				ENABLE_TESTABILITY = YES;
				GCC_C_LANGUAGE_STANDARD = gnu99;
				GCC_DYNAMIC_NO_PIC = NO;
				GCC_NO_COMMON_BLOCKS = YES;
				GCC_OPTIMIZATION_LEVEL = 0;
				GCC_PREPROCESSOR_DEFINITIONS = (
					"DEBUG=1",
					"$(inherited)",
				);
				GCC_WARN_64_TO_32_BIT_CONVERSION = YES;
				GCC_WARN_ABOUT_RETURN_TYPE = YES_ERROR;
				GCC_WARN_UNDECLARED_SELECTOR = YES;
				GCC_WARN_UNINITIALIZED_AUTOS = YES_AGGRESSIVE;
				GCC_WARN_UNUSED_FUNCTION = YES;
				GCC_WARN_UNUSED_VARIABLE = YES;
				IPHONEOS_DEPLOYMENT_TARGET = 10.1;
				MTL_ENABLE_DEBUG_INFO = YES;
				ONLY_ACTIVE_ARCH = YES;
				SDKROOT = iphoneos;
				SWIFT_ACTIVE_COMPILATION_CONDITIONS = DEBUG;
				SWIFT_OPTIMIZATION_LEVEL = "-Onone";
				TARGETED_DEVICE_FAMILY = "1,2";
			};
			name = Debug;
		};
		137A86051DE1766400A53AAF /* Release */ = {
			isa = XCBuildConfiguration;
			buildSettings = {
				ALWAYS_SEARCH_USER_PATHS = NO;
				CLANG_ANALYZER_NONNULL = YES;
				CLANG_CXX_LANGUAGE_STANDARD = "gnu++0x";
				CLANG_CXX_LIBRARY = "libc++";
				CLANG_ENABLE_MODULES = YES;
				CLANG_ENABLE_OBJC_ARC = YES;
				CLANG_WARN_BOOL_CONVERSION = YES;
				CLANG_WARN_CONSTANT_CONVERSION = YES;
				CLANG_WARN_DIRECT_OBJC_ISA_USAGE = YES_ERROR;
				CLANG_WARN_DOCUMENTATION_COMMENTS = YES;
				CLANG_WARN_EMPTY_BODY = YES;
				CLANG_WARN_ENUM_CONVERSION = YES;
				CLANG_WARN_INFINITE_RECURSION = YES;
				CLANG_WARN_INT_CONVERSION = YES;
				CLANG_WARN_OBJC_ROOT_CLASS = YES_ERROR;
				CLANG_WARN_SUSPICIOUS_MOVES = YES;
				CLANG_WARN_UNREACHABLE_CODE = YES;
				CLANG_WARN__DUPLICATE_METHOD_MATCH = YES;
				"CODE_SIGN_IDENTITY[sdk=iphoneos*]" = "iPhone Developer";
				COPY_PHASE_STRIP = NO;
				DEBUG_INFORMATION_FORMAT = "dwarf-with-dsym";
				ENABLE_NS_ASSERTIONS = NO;
				ENABLE_STRICT_OBJC_MSGSEND = YES;
				GCC_C_LANGUAGE_STANDARD = gnu99;
				GCC_NO_COMMON_BLOCKS = YES;
				GCC_WARN_64_TO_32_BIT_CONVERSION = YES;
				GCC_WARN_ABOUT_RETURN_TYPE = YES_ERROR;
				GCC_WARN_UNDECLARED_SELECTOR = YES;
				GCC_WARN_UNINITIALIZED_AUTOS = YES_AGGRESSIVE;
				GCC_WARN_UNUSED_FUNCTION = YES;
				GCC_WARN_UNUSED_VARIABLE = YES;
				IPHONEOS_DEPLOYMENT_TARGET = 10.1;
				MTL_ENABLE_DEBUG_INFO = NO;
				SDKROOT = iphoneos;
				SWIFT_OPTIMIZATION_LEVEL = "-Owholemodule";
				TARGETED_DEVICE_FAMILY = "1,2";
				VALIDATE_PRODUCT = YES;
			};
			name = Release;
		};
		137A86071DE1766400A53AAF /* Debug */ = {
			isa = XCBuildConfiguration;
			buildSettings = {
				ASSETCATALOG_COMPILER_APPICON_NAME = AppIcon;
				DEVELOPMENT_TEAM = RY4LKVN272;
				INFOPLIST_FILE = RetroCalculator/Info.plist;
				LD_RUNPATH_SEARCH_PATHS = "$(inherited) @executable_path/Frameworks";
				PRODUCT_BUNDLE_IDENTIFIER = self.edu.RetroCalculator;
				PRODUCT_NAME = "$(TARGET_NAME)";
				SWIFT_VERSION = 3.0;
			};
			name = Debug;
		};
		137A86081DE1766400A53AAF /* Release */ = {
			isa = XCBuildConfiguration;
			buildSettings = {
				ASSETCATALOG_COMPILER_APPICON_NAME = AppIcon;
				DEVELOPMENT_TEAM = RY4LKVN272;
				INFOPLIST_FILE = RetroCalculator/Info.plist;
				LD_RUNPATH_SEARCH_PATHS = "$(inherited) @executable_path/Frameworks";
				PRODUCT_BUNDLE_IDENTIFIER = self.edu.RetroCalculator;
				PRODUCT_NAME = "$(TARGET_NAME)";
				SWIFT_VERSION = 3.0;
			};
			name = Release;
		};
/* End XCBuildConfiguration section */

/* Begin XCConfigurationList section */
		137A85EF1DE1766300A53AAF /* Build configuration list for PBXProject "RetroCalculator" */ = {
			isa = XCConfigurationList;
			buildConfigurations = (
				137A86041DE1766400A53AAF /* Debug */,
				137A86051DE1766400A53AAF /* Release */,
			);
			defaultConfigurationIsVisible = 0;
			defaultConfigurationName = Release;
		};
		137A86061DE1766400A53AAF /* Build configuration list for PBXNativeTarget "RetroCalculator" */ = {
			isa = XCConfigurationList;
			buildConfigurations = (
				137A86071DE1766400A53AAF /* Debug */,
				137A86081DE1766400A53AAF /* Release */,
			);
			defaultConfigurationIsVisible = 0;
		};
/* End XCConfigurationList section */
	};
	rootObject = 137A85EC1DE1766300A53AAF /* Project object */;
}
